
Microsoft Visual Studio Solution File, Format Version 12.00
# Visual Studio Version 17
VisualStudioVersion = 17.8.34316.72
MinimumVisualStudioVersion = 10.0.40219.1
Project("{FAE04EC0-301F-11D3-BF4B-00C04F79EFBC}") = "WebApplication3", "WebApplication3\WebApplication3.csproj", "{C696FE07-686A-4651-95EB-D83704BB620F}"
EndProject
Global
	GlobalSection(SolutionConfigurationPlatforms) = preSolution
		Debug|Any CPU = Debug|Any CPU
		Release|Any CPU = Release|Any CPU
	EndGlobalSection
	GlobalSection(ProjectConfigurationPlatforms) = postSolution
		{C696FE07-686A-4651-95EB-D83704BB620F}.Debug|Any CPU.ActiveCfg = Debug|Any CPU
		{C696FE07-686A-4651-95EB-D83704BB620F}.Debug|Any CPU.Build.0 = Debug|Any CPU
		{C696FE07-686A-4651-95EB-D83704BB620F}.Release|Any CPU.ActiveCfg = Release|Any CPU
		{C696FE07-686A-4651-95EB-D83704BB620F}.Release|Any CPU.Build.0 = Release|Any CPU
	EndGlobalSection
	GlobalSection(SolutionProperties) = preSolution
		HideSolutionNode = FALSE
	EndGlobalSection
	GlobalSection(ExtensibilityGlobals) = postSolution
		SolutionGuid = {C1EE33B2-491E-4158-A5CE-A4A1B9B271F6}
	EndGlobalSection
EndGlobal
